
Microsoft Visual Studio Solution File, Format Version 12.00
# Visual Studio Version 17
VisualStudioVersion = 17.7.34009.444
MinimumVisualStudioVersion = 10.0.40219.1
Project("{FAE04EC0-301F-11D3-BF4B-00C04F79EFBC}") = "eTickets", "eTickets\eTickets.csproj", "{56E64FE4-A7A8-48E5-B530-0BBCB5EF9159}"
EndProject
Global
	GlobalSection(SolutionConfigurationPlatforms) = preSolution
		Debug|Any CPU = Debug|Any CPU
		Release|Any CPU = Release|Any CPU
	EndGlobalSection
	GlobalSection(ProjectConfigurationPlatforms) = postSolution
		{56E64FE4-A7A8-48E5-B530-0BBCB5EF9159}.Debug|Any CPU.ActiveCfg = Debug|Any CPU
		{56E64FE4-A7A8-48E5-B530-0BBCB5EF9159}.Debug|Any CPU.Build.0 = Debug|Any CPU
		{56E64FE4-A7A8-48E5-B530-0BBCB5EF9159}.Release|Any CPU.ActiveCfg = Release|Any CPU
		{56E64FE4-A7A8-48E5-B530-0BBCB5EF9159}.Release|Any CPU.Build.0 = Release|Any CPU
	EndGlobalSection
	GlobalSection(SolutionProperties) = preSolution
		HideSolutionNode = FALSE
	EndGlobalSection
	GlobalSection(ExtensibilityGlobals) = postSolution
		SolutionGuid = {56472DCA-9991-49B6-86E4-9F552B67FD91}
	EndGlobalSection
EndGlobal
